
Microsoft Visual Studio Solution File, Format Version 12.00
# Visual Studio Version 17
VisualStudioVersion = 17.9.34728.123
MinimumVisualStudioVersion = 10.0.40219.1
Project("{2150E333-8FDC-42A3-9474-1A3956D46DE8}") = "Services", "Services", "{6969EF5F-55D8-40BD-B34D-929A4E7ECD6A}"
EndProject
Project("{2150E333-8FDC-42A3-9474-1A3956D46DE8}") = "Catalog", "Catalog", "{FFC48F9D-F8E0-4E06-AFF0-D445ED81B99C}"
EndProject
Project("{9A19103F-16F7-4668-BE54-9A1E7A4F7556}") = "ShopApp.Catalog", "Services\Catalog\ShopApp.Catalog\ShopApp.Catalog.csproj", "{B84CF0B9-76CF-4E0A-826C-701D6015DB75}"
EndProject
Project("{2150E333-8FDC-42A3-9474-1A3956D46DE8}") = "Discount", "Discount", "{A780533B-5452-48A3-9B16-BF9279F07B9D}"
EndProject
Project("{9A19103F-16F7-4668-BE54-9A1E7A4F7556}") = "ShopApp.Discount", "Services\Discount\ShopApp.Discount\ShopApp.Discount.csproj", "{3DD392BE-F400-4185-BD82-FF399C424DD2}"
EndProject
Project("{2150E333-8FDC-42A3-9474-1A3956D46DE8}") = "Order", "Order", "{D5977F4F-C2BD-4A70-BBEE-66BF7CAA881C}"
EndProject
Project("{2150E333-8FDC-42A3-9474-1A3956D46DE8}") = "Core", "Core", "{B2DBA4C3-C034-48EE-8B7A-ED64A70B64D5}"
EndProject
Project("{2150E333-8FDC-42A3-9474-1A3956D46DE8}") = "Infrastructure", "Infrastructure", "{B9EC7000-C6D5-49AE-A03B-2E8469321515}"
EndProject
Project("{2150E333-8FDC-42A3-9474-1A3956D46DE8}") = "Presentation", "Presentation", "{F63172F7-31BE-429F-8943-4A8DFC528C7A}"
EndProject
Project("{FAE04EC0-301F-11D3-BF4B-00C04F79EFBC}") = "ShopApp.Order.Domain", "Services\Order\Core\ShopApp.Order.Domain\ShopApp.Order.Domain.csproj", "{347EC801-3163-48D6-ADB6-121013164ABA}"
EndProject
Project("{FAE04EC0-301F-11D3-BF4B-00C04F79EFBC}") = "ShopApp.Order.Application", "Services\Order\Core\ShopApp.Order.Application\ShopApp.Order.Application.csproj", "{9310A5FC-6DF1-45F7-A40B-91667FDFE38F}"
EndProject
Project("{FAE04EC0-301F-11D3-BF4B-00C04F79EFBC}") = "ShopApp.Order.Persistence", "Services\Order\Infrastructure\ShopApp.Order.Persistence\ShopApp.Order.Persistence.csproj", "{BE2E7EC7-0C5A-4ED0-95FC-D12104D11EE8}"
EndProject
Project("{FAE04EC0-301F-11D3-BF4B-00C04F79EFBC}") = "ShopApp.Order.WebApi", "Services\Order\Presentation\ShopApp.Order.WebApi\ShopApp.Order.WebApi.csproj", "{6248670C-A0FC-422C-9E40-2F12563E069B}"
EndProject
Global
	GlobalSection(SolutionConfigurationPlatforms) = preSolution
		Debug|Any CPU = Debug|Any CPU
		Release|Any CPU = Release|Any CPU
	EndGlobalSection
	GlobalSection(ProjectConfigurationPlatforms) = postSolution
		{B84CF0B9-76CF-4E0A-826C-701D6015DB75}.Debug|Any CPU.ActiveCfg = Debug|Any CPU
		{B84CF0B9-76CF-4E0A-826C-701D6015DB75}.Debug|Any CPU.Build.0 = Debug|Any CPU
		{B84CF0B9-76CF-4E0A-826C-701D6015DB75}.Release|Any CPU.ActiveCfg = Release|Any CPU
		{B84CF0B9-76CF-4E0A-826C-701D6015DB75}.Release|Any CPU.Build.0 = Release|Any CPU
		{3DD392BE-F400-4185-BD82-FF399C424DD2}.Debug|Any CPU.ActiveCfg = Debug|Any CPU
		{3DD392BE-F400-4185-BD82-FF399C424DD2}.Debug|Any CPU.Build.0 = Debug|Any CPU
		{3DD392BE-F400-4185-BD82-FF399C424DD2}.Release|Any CPU.ActiveCfg = Release|Any CPU
		{3DD392BE-F400-4185-BD82-FF399C424DD2}.Release|Any CPU.Build.0 = Release|Any CPU
		{347EC801-3163-48D6-ADB6-121013164ABA}.Debug|Any CPU.ActiveCfg = Debug|Any CPU
		{347EC801-3163-48D6-ADB6-121013164ABA}.Debug|Any CPU.Build.0 = Debug|Any CPU
		{347EC801-3163-48D6-ADB6-121013164ABA}.Release|Any CPU.ActiveCfg = Release|Any CPU
		{347EC801-3163-48D6-ADB6-121013164ABA}.Release|Any CPU.Build.0 = Release|Any CPU
		{9310A5FC-6DF1-45F7-A40B-91667FDFE38F}.Debug|Any CPU.ActiveCfg = Debug|Any CPU
		{9310A5FC-6DF1-45F7-A40B-91667FDFE38F}.Debug|Any CPU.Build.0 = Debug|Any CPU
		{9310A5FC-6DF1-45F7-A40B-91667FDFE38F}.Release|Any CPU.ActiveCfg = Release|Any CPU
		{9310A5FC-6DF1-45F7-A40B-91667FDFE38F}.Release|Any CPU.Build.0 = Release|Any CPU
		{BE2E7EC7-0C5A-4ED0-95FC-D12104D11EE8}.Debug|Any CPU.ActiveCfg = Debug|Any CPU
		{BE2E7EC7-0C5A-4ED0-95FC-D12104D11EE8}.Debug|Any CPU.Build.0 = Debug|Any CPU
		{BE2E7EC7-0C5A-4ED0-95FC-D12104D11EE8}.Release|Any CPU.ActiveCfg = Release|Any CPU
		{BE2E7EC7-0C5A-4ED0-95FC-D12104D11EE8}.Release|Any CPU.Build.0 = Release|Any CPU
		{6248670C-A0FC-422C-9E40-2F12563E069B}.Debug|Any CPU.ActiveCfg = Debug|Any CPU
		{6248670C-A0FC-422C-9E40-2F12563E069B}.Debug|Any CPU.Build.0 = Debug|Any CPU
		{6248670C-A0FC-422C-9E40-2F12563E069B}.Release|Any CPU.ActiveCfg = Release|Any CPU
		{6248670C-A0FC-422C-9E40-2F12563E069B}.Release|Any CPU.Build.0 = Release|Any CPU
	EndGlobalSection
	GlobalSection(SolutionProperties) = preSolution
		HideSolutionNode = FALSE
	EndGlobalSection
	GlobalSection(NestedProjects) = preSolution
		{FFC48F9D-F8E0-4E06-AFF0-D445ED81B99C} = {6969EF5F-55D8-40BD-B34D-929A4E7ECD6A}
		{B84CF0B9-76CF-4E0A-826C-701D6015DB75} = {FFC48F9D-F8E0-4E06-AFF0-D445ED81B99C}
		{A780533B-5452-48A3-9B16-BF9279F07B9D} = {6969EF5F-55D8-40BD-B34D-929A4E7ECD6A}
		{3DD392BE-F400-4185-BD82-FF399C424DD2} = {A780533B-5452-48A3-9B16-BF9279F07B9D}
		{D5977F4F-C2BD-4A70-BBEE-66BF7CAA881C} = {6969EF5F-55D8-40BD-B34D-929A4E7ECD6A}
		{B2DBA4C3-C034-48EE-8B7A-ED64A70B64D5} = {D5977F4F-C2BD-4A70-BBEE-66BF7CAA881C}
		{B9EC7000-C6D5-49AE-A03B-2E8469321515} = {D5977F4F-C2BD-4A70-BBEE-66BF7CAA881C}
		{F63172F7-31BE-429F-8943-4A8DFC528C7A} = {D5977F4F-C2BD-4A70-BBEE-66BF7CAA881C}
		{347EC801-3163-48D6-ADB6-121013164ABA} = {B2DBA4C3-C034-48EE-8B7A-ED64A70B64D5}
		{9310A5FC-6DF1-45F7-A40B-91667FDFE38F} = {B2DBA4C3-C034-48EE-8B7A-ED64A70B64D5}
		{BE2E7EC7-0C5A-4ED0-95FC-D12104D11EE8} = {B9EC7000-C6D5-49AE-A03B-2E8469321515}
		{6248670C-A0FC-422C-9E40-2F12563E069B} = {F63172F7-31BE-429F-8943-4A8DFC528C7A}
	EndGlobalSection
	GlobalSection(ExtensibilityGlobals) = postSolution
		SolutionGuid = {6FDA0464-6E9C-42C7-BFD9-2A7D619C4FC7}
	EndGlobalSection
EndGlobal
